lockfileVersion: '9.0'

settings:
  autoInstallPeers: true
  excludeLinksFromLockfile: false

importers:

  .:
    dependencies:
      paseto-ts:
        specifier: 2.0.7
        version: 2.0.7

packages:

  '@stablelib/binary@2.0.1':
    resolution: {integrity: sha512-U9iAO8lXgEDONsA0zPPSgcf3HUBNAqHiJmSHgZz62OvC3Hi2Bhc5kTnQ3S1/L+sthDTHtCMhcEiklmIly6uQ3w==}

  '@stablelib/blake2b@2.0.1':
    resolution: {integrity: sha512-kBN4i9FHpkTEVrHwKtb1ZjI6QwyoK8emY9TaLcHHFSZkw2FN9Td8Js9mU2U10q+EZ3Mp6z78QgdPDwJXbc3Dtw==}

  '@stablelib/chacha@2.0.1':
    resolution: {integrity: sha512-lS1FqtNqofxe2vLkRsLli2m3x/XanUyAYRphLhdHumKeIsLbjbCXdCq3Pf/eWiO7G3QlSG5ViqnoVjktzfLWMg==}

  '@stablelib/ed25519@2.1.0':
    resolution: {integrity: sha512-8GLWoJur9nJiErABKHs5MjceSiYJJ2n8QP9k8Q5x6GWU2y5oAQ6qzPh8kCgQy5aHlUxcmRA1frQ5Gu2bHoIDPw==}

  '@stablelib/hash@2.0.0':
    resolution: {integrity: sha512-u3WPSqGido8lwJuMcrBgM5K54LrPGhkWAdtsyccf7dGsLixAZUds77zOAbu7bvKPwQlmoByH0txBi5rTmEKuHg==}

  '@stablelib/int@2.0.1':
    resolution: {integrity: sha512-Ht63fQp3wz/F8U4AlXEPb7hfJOIILs8Lq55jgtD7KueWtyjhVuzcsGLSTAWtZs3XJDZYdF1WcSKn+kBtbzupww==}

  '@stablelib/random@2.0.1':
    resolution: {integrity: sha512-W6GAtXEEs7r+dSbuBsvoFmlyL3gLxle41tQkjKu17dDWtDdjhVUbtRfRCQcCUeczwkgjQxMPopgwYEvxXtHXGw==}

  '@stablelib/sha512@2.0.1':
    resolution: {integrity: sha512-DUNe5cbnoH3sSIN+MG04RvTCLXtkbyy/SnQxiNO+GgF/KSXkkUSlF6mUVvCUdZBZ2X3NgogR+tAvaRSn8wxnLw==}

  '@stablelib/wipe@2.0.1':
    resolution: {integrity: sha512-1eU2K9EgOcV4qc9jcP6G72xxZxEm5PfeI5H55l08W95b4oRJaqhmlWRc4xZAm6IVSKhVNxMi66V67hCzzuMTAg==}

  '@stablelib/xchacha20@2.0.1':
    resolution: {integrity: sha512-k55pNv7gIM4mUPU00+nJYTxKiUVNwAtsgrridC0aIU5cVbw9u6qP99x8ENu5eiwOEhZUNg+p3tTOLooCeAOJQA==}

  paseto-ts@2.0.7:
    resolution: {integrity: sha512-1FqzfQng3ZutRqz5dm2+unO5G+oP1mczn95T5pcBMTc6iDlBRNqVwDmYPZAUlefzL+jXMzLjf+5046eGx98HJA==}

snapshots:

  '@stablelib/binary@2.0.1':
    dependencies:
      '@stablelib/int': 2.0.1

  '@stablelib/blake2b@2.0.1':
    dependencies:
      '@stablelib/binary': 2.0.1
      '@stablelib/hash': 2.0.0
      '@stablelib/wipe': 2.0.1

  '@stablelib/chacha@2.0.1':
    dependencies:
      '@stablelib/binary': 2.0.1
      '@stablelib/wipe': 2.0.1

  '@stablelib/ed25519@2.1.0':
    dependencies:
      '@stablelib/random': 2.0.1
      '@stablelib/sha512': 2.0.1
      '@stablelib/wipe': 2.0.1

  '@stablelib/hash@2.0.0': {}

  '@stablelib/int@2.0.1': {}

  '@stablelib/random@2.0.1':
    dependencies:
      '@stablelib/binary': 2.0.1
      '@stablelib/wipe': 2.0.1

  '@stablelib/sha512@2.0.1':
    dependencies:
      '@stablelib/binary': 2.0.1
      '@stablelib/hash': 2.0.0
      '@stablelib/wipe': 2.0.1

  '@stablelib/wipe@2.0.1': {}

  '@stablelib/xchacha20@2.0.1':
    dependencies:
      '@stablelib/binary': 2.0.1
      '@stablelib/chacha': 2.0.1
      '@stablelib/wipe': 2.0.1

  paseto-ts@2.0.7:
    dependencies:
      '@stablelib/blake2b': 2.0.1
      '@stablelib/ed25519': 2.1.0
      '@stablelib/xchacha20': 2.0.1
