Microsoft Visual Studio Solution File, Format Version 12.00
# Visual Studio Version 17
VisualStudioVersion = 17.5.2.0
MinimumVisualStudioVersion = 10.0.40219.1
Project("{FAE04EC0-301F-11D3-BF4B-00C04F79EFBC}") = "Linbik.YARP", "Linbik.YARP.csproj", "{01A9F3C2-C2BD-784C-4A2C-4DA85EB8594C}"
EndProject
Global
	GlobalSection(SolutionConfigurationPlatforms) = preSolution
		Debug|Any CPU = Debug|Any CPU
		Release|Any CPU = Release|Any CPU
	EndGlobalSection
	GlobalSection(ProjectConfigurationPlatforms) = postSolution
		{01A9F3C2-C2BD-784C-4A2C-4DA85EB8594C}.Debug|Any CPU.ActiveCfg = Debug|Any CPU
		{01A9F3C2-C2BD-784C-4A2C-4DA85EB8594C}.Debug|Any CPU.Build.0 = Debug|Any CPU
		{01A9F3C2-C2BD-784C-4A2C-4DA85EB8594C}.Release|Any CPU.ActiveCfg = Release|Any CPU
		{01A9F3C2-C2BD-784C-4A2C-4DA85EB8594C}.Release|Any CPU.Build.0 = Release|Any CPU
	EndGlobalSection
	GlobalSection(SolutionProperties) = preSolution
		HideSolutionNode = FALSE
	EndGlobalSection
	GlobalSection(ExtensibilityGlobals) = postSolution
		SolutionGuid = {3A3893A9-8E38-4CC7-B11A-348011DD9A34}
	EndGlobalSection
EndGlobal
