
Microsoft Visual Studio Solution File, Format Version 12.00
# Visual Studio Version 18
VisualStudioVersion = 18.4.11620.152 stable
MinimumVisualStudioVersion = 10.0.40219.1
Project("{FAE04EC0-301F-11D3-BF4B-00C04F79EFBC}") = "AspNet", "AspNet\AspNet.csproj", "{60EBE4E8-D357-4018-B58F-6A85B169EBAA}"
EndProject
Project("{FAE04EC0-301F-11D3-BF4B-00C04F79EFBC}") = "Linbik.JwtAuthManager", "..\..\src\AspNet\Linbik.JwtAuthManager\Linbik.JwtAuthManager.csproj", "{04D69CD1-7369-458A-9189-72E969983CF6}"
EndProject
Project("{FAE04EC0-301F-11D3-BF4B-00C04F79EFBC}") = "Linbik.YARP", "..\..\src\AspNet\Linbik.YARP\Linbik.YARP.csproj", "{B1B4DC5E-6722-4B95-8398-50123317436A}"
EndProject
Project("{FAE04EC0-301F-11D3-BF4B-00C04F79EFBC}") = "Linbik.Core", "..\..\src\AspNet\Linbik.Core\Linbik.Core.csproj", "{D04F1E09-B3E1-EBAD-2112-22A093ED0E26}"
EndProject
Project("{FAE04EC0-301F-11D3-BF4B-00C04F79EFBC}") = "Linbik.Server", "..\..\src\AspNet\Linbik.Server\Linbik.Server.csproj", "{5C9DFF9F-B893-41C8-9996-799942572F13}"
EndProject
Project("{FAE04EC0-301F-11D3-BF4B-00C04F79EFBC}") = "Linbik.CLI", "..\..\src\AspNet\Linbik.CLI\Linbik.CLI.csproj", "{C47CB72F-45B6-6198-341F-53846AAFB4AC}"
EndProject
Global
	GlobalSection(SolutionConfigurationPlatforms) = preSolution
		Debug|Any CPU = Debug|Any CPU
		Release|Any CPU = Release|Any CPU
	EndGlobalSection
	GlobalSection(ProjectConfigurationPlatforms) = postSolution
		{60EBE4E8-D357-4018-B58F-6A85B169EBAA}.Debug|Any CPU.ActiveCfg = Debug|Any CPU
		{60EBE4E8-D357-4018-B58F-6A85B169EBAA}.Debug|Any CPU.Build.0 = Debug|Any CPU
		{60EBE4E8-D357-4018-B58F-6A85B169EBAA}.Release|Any CPU.ActiveCfg = Release|Any CPU
		{60EBE4E8-D357-4018-B58F-6A85B169EBAA}.Release|Any CPU.Build.0 = Release|Any CPU
		{04D69CD1-7369-458A-9189-72E969983CF6}.Debug|Any CPU.ActiveCfg = Debug|Any CPU
		{04D69CD1-7369-458A-9189-72E969983CF6}.Debug|Any CPU.Build.0 = Debug|Any CPU
		{04D69CD1-7369-458A-9189-72E969983CF6}.Release|Any CPU.ActiveCfg = Release|Any CPU
		{04D69CD1-7369-458A-9189-72E969983CF6}.Release|Any CPU.Build.0 = Release|Any CPU
		{B1B4DC5E-6722-4B95-8398-50123317436A}.Debug|Any CPU.ActiveCfg = Debug|Any CPU
		{B1B4DC5E-6722-4B95-8398-50123317436A}.Debug|Any CPU.Build.0 = Debug|Any CPU
		{B1B4DC5E-6722-4B95-8398-50123317436A}.Release|Any CPU.ActiveCfg = Release|Any CPU
		{B1B4DC5E-6722-4B95-8398-50123317436A}.Release|Any CPU.Build.0 = Release|Any CPU
		{D04F1E09-B3E1-EBAD-2112-22A093ED0E26}.Debug|Any CPU.ActiveCfg = Debug|Any CPU
		{D04F1E09-B3E1-EBAD-2112-22A093ED0E26}.Debug|Any CPU.Build.0 = Debug|Any CPU
		{D04F1E09-B3E1-EBAD-2112-22A093ED0E26}.Release|Any CPU.ActiveCfg = Release|Any CPU
		{D04F1E09-B3E1-EBAD-2112-22A093ED0E26}.Release|Any CPU.Build.0 = Release|Any CPU
		{5C9DFF9F-B893-41C8-9996-799942572F13}.Debug|Any CPU.ActiveCfg = Debug|Any CPU
		{5C9DFF9F-B893-41C8-9996-799942572F13}.Debug|Any CPU.Build.0 = Debug|Any CPU
		{5C9DFF9F-B893-41C8-9996-799942572F13}.Release|Any CPU.ActiveCfg = Release|Any CPU
		{5C9DFF9F-B893-41C8-9996-799942572F13}.Release|Any CPU.Build.0 = Release|Any CPU
		{C47CB72F-45B6-6198-341F-53846AAFB4AC}.Debug|Any CPU.ActiveCfg = Debug|Any CPU
		{C47CB72F-45B6-6198-341F-53846AAFB4AC}.Debug|Any CPU.Build.0 = Debug|Any CPU
		{C47CB72F-45B6-6198-341F-53846AAFB4AC}.Release|Any CPU.ActiveCfg = Release|Any CPU
		{C47CB72F-45B6-6198-341F-53846AAFB4AC}.Release|Any CPU.Build.0 = Release|Any CPU
	EndGlobalSection
	GlobalSection(SolutionProperties) = preSolution
		HideSolutionNode = FALSE
	EndGlobalSection
	GlobalSection(ExtensibilityGlobals) = postSolution
		SolutionGuid = {931D3B9D-BD5B-4927-BD65-4AD347ECC129}
	EndGlobalSection
EndGlobal
