
Microsoft Visual Studio Solution File, Format Version 12.00
# Visual Studio Version 17
VisualStudioVersion = 17.0.31903.59
MinimumVisualStudioVersion = 10.0.40219.1
Project("{FAE04EC0-301F-11D3-BF4B-00C04F79EFBC}") = "Linbik.Gateway.Sample", "Linbik.Gateway.Sample\Linbik.Gateway.Sample.csproj", "{88630307-1AF9-4E6B-BD58-75FF84A9A51E}"
EndProject
Project("{FAE04EC0-301F-11D3-BF4B-00C04F79EFBC}") = "Linbik.Core", "..\..\src\AspNet\Linbik.Core\Linbik.Core.csproj", "{10605419-62D7-42B0-AE4E-BFE379621E0A}"
EndProject
Project("{FAE04EC0-301F-11D3-BF4B-00C04F79EFBC}") = "Downstream.Sample", "Downstream.Sample\Downstream.Sample.csproj", "{D16060AE-4687-43FA-AAD6-A376920D9D01}"
EndProject
Project("{FAE04EC0-301F-11D3-BF4B-00C04F79EFBC}") = "Downstream.Sample2", "Downstream.Sample2\Downstream.Sample2.csproj", "{5D1DFD09-9498-49C3-9D0E-EA04E029F403}"
EndProject
Project("{2150E333-8FDC-42A3-9474-1A3956D46DE8}") = "tools", "tools", "{07C2787E-EAC7-C090-1BA3-A61EC2A24D84}"
EndProject
Project("{FAE04EC0-301F-11D3-BF4B-00C04F79EFBC}") = "Linbik.Gateway.TokenIssuer", "tools\Linbik.Gateway.TokenIssuer\Linbik.Gateway.TokenIssuer.csproj", "{966406EA-E7AC-49CE-8F7F-F0176F1EEC3A}"
EndProject
Project("{2150E333-8FDC-42A3-9474-1A3956D46DE8}") = "tests", "tests", "{0AB3BF05-4346-4AA6-1389-037BE0695223}"
EndProject
Project("{FAE04EC0-301F-11D3-BF4B-00C04F79EFBC}") = "Linbik.Gateway.Sample.Tests", "tests\Linbik.Gateway.Sample.Tests\Linbik.Gateway.Sample.Tests.csproj", "{FCFC0A58-8339-411D-82DC-749AD8BF8283}"
EndProject
Global
	GlobalSection(SolutionConfigurationPlatforms) = preSolution
		Debug|Any CPU = Debug|Any CPU
		Debug|x64 = Debug|x64
		Debug|x86 = Debug|x86
		Release|Any CPU = Release|Any CPU
		Release|x64 = Release|x64
		Release|x86 = Release|x86
	EndGlobalSection
	GlobalSection(ProjectConfigurationPlatforms) = postSolution
		{88630307-1AF9-4E6B-BD58-75FF84A9A51E}.Debug|Any CPU.ActiveCfg = Debug|Any CPU
		{88630307-1AF9-4E6B-BD58-75FF84A9A51E}.Debug|Any CPU.Build.0 = Debug|Any CPU
		{88630307-1AF9-4E6B-BD58-75FF84A9A51E}.Debug|x64.ActiveCfg = Debug|Any CPU
		{88630307-1AF9-4E6B-BD58-75FF84A9A51E}.Debug|x64.Build.0 = Debug|Any CPU
		{88630307-1AF9-4E6B-BD58-75FF84A9A51E}.Debug|x86.ActiveCfg = Debug|Any CPU
		{88630307-1AF9-4E6B-BD58-75FF84A9A51E}.Debug|x86.Build.0 = Debug|Any CPU
		{88630307-1AF9-4E6B-BD58-75FF84A9A51E}.Release|Any CPU.ActiveCfg = Release|Any CPU
		{88630307-1AF9-4E6B-BD58-75FF84A9A51E}.Release|Any CPU.Build.0 = Release|Any CPU
		{88630307-1AF9-4E6B-BD58-75FF84A9A51E}.Release|x64.ActiveCfg = Release|Any CPU
		{88630307-1AF9-4E6B-BD58-75FF84A9A51E}.Release|x64.Build.0 = Release|Any CPU
		{88630307-1AF9-4E6B-BD58-75FF84A9A51E}.Release|x86.ActiveCfg = Release|Any CPU
		{88630307-1AF9-4E6B-BD58-75FF84A9A51E}.Release|x86.Build.0 = Release|Any CPU
		{10605419-62D7-42B0-AE4E-BFE379621E0A}.Debug|Any CPU.ActiveCfg = Debug|Any CPU
		{10605419-62D7-42B0-AE4E-BFE379621E0A}.Debug|Any CPU.Build.0 = Debug|Any CPU
		{10605419-62D7-42B0-AE4E-BFE379621E0A}.Debug|x64.ActiveCfg = Debug|Any CPU
		{10605419-62D7-42B0-AE4E-BFE379621E0A}.Debug|x64.Build.0 = Debug|Any CPU
		{10605419-62D7-42B0-AE4E-BFE379621E0A}.Debug|x86.ActiveCfg = Debug|Any CPU
		{10605419-62D7-42B0-AE4E-BFE379621E0A}.Debug|x86.Build.0 = Debug|Any CPU
		{10605419-62D7-42B0-AE4E-BFE379621E0A}.Release|Any CPU.ActiveCfg = Release|Any CPU
		{10605419-62D7-42B0-AE4E-BFE379621E0A}.Release|Any CPU.Build.0 = Release|Any CPU
		{10605419-62D7-42B0-AE4E-BFE379621E0A}.Release|x64.ActiveCfg = Release|Any CPU
		{10605419-62D7-42B0-AE4E-BFE379621E0A}.Release|x64.Build.0 = Release|Any CPU
		{10605419-62D7-42B0-AE4E-BFE379621E0A}.Release|x86.ActiveCfg = Release|Any CPU
		{10605419-62D7-42B0-AE4E-BFE379621E0A}.Release|x86.Build.0 = Release|Any CPU
		{D16060AE-4687-43FA-AAD6-A376920D9D01}.Debug|Any CPU.ActiveCfg = Debug|Any CPU
		{D16060AE-4687-43FA-AAD6-A376920D9D01}.Debug|Any CPU.Build.0 = Debug|Any CPU
		{D16060AE-4687-43FA-AAD6-A376920D9D01}.Debug|x64.ActiveCfg = Debug|Any CPU
		{D16060AE-4687-43FA-AAD6-A376920D9D01}.Debug|x64.Build.0 = Debug|Any CPU
		{D16060AE-4687-43FA-AAD6-A376920D9D01}.Debug|x86.ActiveCfg = Debug|Any CPU
		{D16060AE-4687-43FA-AAD6-A376920D9D01}.Debug|x86.Build.0 = Debug|Any CPU
		{D16060AE-4687-43FA-AAD6-A376920D9D01}.Release|Any CPU.ActiveCfg = Release|Any CPU
		{D16060AE-4687-43FA-AAD6-A376920D9D01}.Release|Any CPU.Build.0 = Release|Any CPU
		{D16060AE-4687-43FA-AAD6-A376920D9D01}.Release|x64.ActiveCfg = Release|Any CPU
		{D16060AE-4687-43FA-AAD6-A376920D9D01}.Release|x64.Build.0 = Release|Any CPU
		{D16060AE-4687-43FA-AAD6-A376920D9D01}.Release|x86.ActiveCfg = Release|Any CPU
		{D16060AE-4687-43FA-AAD6-A376920D9D01}.Release|x86.Build.0 = Release|Any CPU
		{5D1DFD09-9498-49C3-9D0E-EA04E029F403}.Debug|Any CPU.ActiveCfg = Debug|Any CPU
		{5D1DFD09-9498-49C3-9D0E-EA04E029F403}.Debug|Any CPU.Build.0 = Debug|Any CPU
		{5D1DFD09-9498-49C3-9D0E-EA04E029F403}.Debug|x64.ActiveCfg = Debug|Any CPU
		{5D1DFD09-9498-49C3-9D0E-EA04E029F403}.Debug|x64.Build.0 = Debug|Any CPU
		{5D1DFD09-9498-49C3-9D0E-EA04E029F403}.Debug|x86.ActiveCfg = Debug|Any CPU
		{5D1DFD09-9498-49C3-9D0E-EA04E029F403}.Debug|x86.Build.0 = Debug|Any CPU
		{5D1DFD09-9498-49C3-9D0E-EA04E029F403}.Release|Any CPU.ActiveCfg = Release|Any CPU
		{5D1DFD09-9498-49C3-9D0E-EA04E029F403}.Release|Any CPU.Build.0 = Release|Any CPU
		{5D1DFD09-9498-49C3-9D0E-EA04E029F403}.Release|x64.ActiveCfg = Release|Any CPU
		{5D1DFD09-9498-49C3-9D0E-EA04E029F403}.Release|x64.Build.0 = Release|Any CPU
		{5D1DFD09-9498-49C3-9D0E-EA04E029F403}.Release|x86.ActiveCfg = Release|Any CPU
		{5D1DFD09-9498-49C3-9D0E-EA04E029F403}.Release|x86.Build.0 = Release|Any CPU
		{966406EA-E7AC-49CE-8F7F-F0176F1EEC3A}.Debug|Any CPU.ActiveCfg = Debug|Any CPU
		{966406EA-E7AC-49CE-8F7F-F0176F1EEC3A}.Debug|Any CPU.Build.0 = Debug|Any CPU
		{966406EA-E7AC-49CE-8F7F-F0176F1EEC3A}.Debug|x64.ActiveCfg = Debug|Any CPU
		{966406EA-E7AC-49CE-8F7F-F0176F1EEC3A}.Debug|x64.Build.0 = Debug|Any CPU
		{966406EA-E7AC-49CE-8F7F-F0176F1EEC3A}.Debug|x86.ActiveCfg = Debug|Any CPU
		{966406EA-E7AC-49CE-8F7F-F0176F1EEC3A}.Debug|x86.Build.0 = Debug|Any CPU
		{966406EA-E7AC-49CE-8F7F-F0176F1EEC3A}.Release|Any CPU.ActiveCfg = Release|Any CPU
		{966406EA-E7AC-49CE-8F7F-F0176F1EEC3A}.Release|Any CPU.Build.0 = Release|Any CPU
		{966406EA-E7AC-49CE-8F7F-F0176F1EEC3A}.Release|x64.ActiveCfg = Release|Any CPU
		{966406EA-E7AC-49CE-8F7F-F0176F1EEC3A}.Release|x64.Build.0 = Release|Any CPU
		{966406EA-E7AC-49CE-8F7F-F0176F1EEC3A}.Release|x86.ActiveCfg = Release|Any CPU
		{966406EA-E7AC-49CE-8F7F-F0176F1EEC3A}.Release|x86.Build.0 = Release|Any CPU
		{FCFC0A58-8339-411D-82DC-749AD8BF8283}.Debug|Any CPU.ActiveCfg = Debug|Any CPU
		{FCFC0A58-8339-411D-82DC-749AD8BF8283}.Debug|Any CPU.Build.0 = Debug|Any CPU
		{FCFC0A58-8339-411D-82DC-749AD8BF8283}.Debug|x64.ActiveCfg = Debug|Any CPU
		{FCFC0A58-8339-411D-82DC-749AD8BF8283}.Debug|x64.Build.0 = Debug|Any CPU
		{FCFC0A58-8339-411D-82DC-749AD8BF8283}.Debug|x86.ActiveCfg = Debug|Any CPU
		{FCFC0A58-8339-411D-82DC-749AD8BF8283}.Debug|x86.Build.0 = Debug|Any CPU
		{FCFC0A58-8339-411D-82DC-749AD8BF8283}.Release|Any CPU.ActiveCfg = Release|Any CPU
		{FCFC0A58-8339-411D-82DC-749AD8BF8283}.Release|Any CPU.Build.0 = Release|Any CPU
		{FCFC0A58-8339-411D-82DC-749AD8BF8283}.Release|x64.ActiveCfg = Release|Any CPU
		{FCFC0A58-8339-411D-82DC-749AD8BF8283}.Release|x64.Build.0 = Release|Any CPU
		{FCFC0A58-8339-411D-82DC-749AD8BF8283}.Release|x86.ActiveCfg = Release|Any CPU
		{FCFC0A58-8339-411D-82DC-749AD8BF8283}.Release|x86.Build.0 = Release|Any CPU
	EndGlobalSection
	GlobalSection(SolutionProperties) = preSolution
		HideSolutionNode = FALSE
	EndGlobalSection
	GlobalSection(NestedProjects) = preSolution
		{966406EA-E7AC-49CE-8F7F-F0176F1EEC3A} = {07C2787E-EAC7-C090-1BA3-A61EC2A24D84}
		{FCFC0A58-8339-411D-82DC-749AD8BF8283} = {0AB3BF05-4346-4AA6-1389-037BE0695223}
	EndGlobalSection
EndGlobal
